
Microsoft Visual Studio Solution File, Format Version 12.00
# Visual Studio 2013
VisualStudioVersion = 12.0.30324.0
MinimumVisualStudioVersion = 10.0.40219.1
Project("{FAE04EC0-301F-11D3-BF4B-00C04F79EFBC}") = "demoflavius_W8", "demoflavius\demoflavius_W8.csproj", "{C8FCA4E8-5E5B-4B79-95A9-A74383823FEC}"
EndProject
Project("{2150E333-8FDC-42A3-9474-1A3956D46DE8}") = ".nuget", ".nuget", "{FED4E434-F073-4E6F-A623-A445FC2CE0B3}"
	ProjectSection(SolutionItems) = preProject
		.nuget\NuGet.Config = .nuget\NuGet.Config
		.nuget\NuGet.targets = .nuget\NuGet.targets
	EndProjectSection
EndProject
Project("{FAE04EC0-301F-11D3-BF4B-00C04F79EFBC}") = "demo_flavius_Core", "demo_flavius_Core\demo_flavius_Core.csproj", "{097624F6-3FEE-48DE-8043-CB1EABA5417D}"
EndProject
Project("{FAE04EC0-301F-11D3-BF4B-00C04F79EFBC}") = "demoflavius_WP8", "demoflavius_WP8\demoflavius\demoflavius_WP8.csproj", "{3002E0CA-D005-4D93-BCA4-E23E83DDD847}"
EndProject
Project("{FAE04EC0-301F-11D3-BF4B-00C04F79EFBC}") = "NotificationsExtensions", "NotificationsExtensions\NotificationsExtensions.csproj", "{6E87464B-B064-40CA-8161-7C18C337ADFF}"
EndProject
Project("{FAE04EC0-301F-11D3-BF4B-00C04F79EFBC}") = "LocalNotificationServer", "LocalNotificationServer\LocalNotificationServer.csproj", "{21E20B01-6F3A-4AEB-98D0-52F7A668F560}"
EndProject
Project("{FAE04EC0-301F-11D3-BF4B-00C04F79EFBC}") = "NotificationService", "NotificationService\NotificationService.csproj", "{C38C835D-F0F8-443B-B42B-7556FA1D4190}"
EndProject
Project("{FAE04EC0-301F-11D3-BF4B-00C04F79EFBC}") = "W8Tasks", "W8Tasks\W8Tasks.csproj", "{44A969E3-CFE3-4F14-B6D1-FC160410A7C7}"
EndProject
Project("{FAE04EC0-301F-11D3-BF4B-00C04F79EFBC}") = "WP8Tasks", "WP8Tasks\WP8Tasks.csproj", "{75659A76-8EDE-4EED-9CFC-52666B137FFA}"
EndProject
Project("{FAE04EC0-301F-11D3-BF4B-00C04F79EFBC}") = "demoflavius_Android", "demoflavius_Android\demoflavius_Android.csproj", "{2D6DB10A-0D8D-4583-9862-DA2A510FA65F}"
EndProject
Project("{FAE04EC0-301F-11D3-BF4B-00C04F79EFBC}") = "WebPushNotificationsWebApi", "WebPushNotifications\WebPushNotificationsWebApi.csproj", "{86748BC6-B810-4E52-B4CB-1CCE396FF340}"
EndProject
Global
	GlobalSection(SubversionScc) = preSolution
		Svn-Managed = True
		Manager = AnkhSVN - Subversion Support for Visual Studio
	EndGlobalSection
	GlobalSection(SolutionConfigurationPlatforms) = preSolution
		Debug|Any CPU = Debug|Any CPU
		Debug|ARM = Debug|ARM
		Debug|Win32 = Debug|Win32
		Debug|x64 = Debug|x64
		Debug|x86 = Debug|x86
		Release|Any CPU = Release|Any CPU
		Release|ARM = Release|ARM
		Release|Win32 = Release|Win32
		Release|x64 = Release|x64
		Release|x86 = Release|x86
	EndGlobalSection
	GlobalSection(ProjectConfigurationPlatforms) = postSolution
		{C8FCA4E8-5E5B-4B79-95A9-A74383823FEC}.Debug|Any CPU.ActiveCfg = Debug|Any CPU
		{C8FCA4E8-5E5B-4B79-95A9-A74383823FEC}.Debug|Any CPU.Build.0 = Debug|Any CPU
		{C8FCA4E8-5E5B-4B79-95A9-A74383823FEC}.Debug|Any CPU.Deploy.0 = Debug|Any CPU
		{C8FCA4E8-5E5B-4B79-95A9-A74383823FEC}.Debug|ARM.ActiveCfg = Debug|ARM
		{C8FCA4E8-5E5B-4B79-95A9-A74383823FEC}.Debug|ARM.Build.0 = Debug|ARM
		{C8FCA4E8-5E5B-4B79-95A9-A74383823FEC}.Debug|ARM.Deploy.0 = Debug|ARM
		{C8FCA4E8-5E5B-4B79-95A9-A74383823FEC}.Debug|Win32.ActiveCfg = Debug|x86
		{C8FCA4E8-5E5B-4B79-95A9-A74383823FEC}.Debug|Win32.Build.0 = Debug|x86
		{C8FCA4E8-5E5B-4B79-95A9-A74383823FEC}.Debug|Win32.Deploy.0 = Debug|x86
		{C8FCA4E8-5E5B-4B79-95A9-A74383823FEC}.Debug|x64.ActiveCfg = Debug|x64
		{C8FCA4E8-5E5B-4B79-95A9-A74383823FEC}.Debug|x64.Build.0 = Debug|x64
		{C8FCA4E8-5E5B-4B79-95A9-A74383823FEC}.Debug|x64.Deploy.0 = Debug|x64
		{C8FCA4E8-5E5B-4B79-95A9-A74383823FEC}.Debug|x86.ActiveCfg = Debug|x86
		{C8FCA4E8-5E5B-4B79-95A9-A74383823FEC}.Debug|x86.Build.0 = Debug|x86
		{C8FCA4E8-5E5B-4B79-95A9-A74383823FEC}.Debug|x86.Deploy.0 = Debug|x86
		{C8FCA4E8-5E5B-4B79-95A9-A74383823FEC}.Release|Any CPU.ActiveCfg = Release|Any CPU
		{C8FCA4E8-5E5B-4B79-95A9-A74383823FEC}.Release|Any CPU.Build.0 = Release|Any CPU
		{C8FCA4E8-5E5B-4B79-95A9-A74383823FEC}.Release|Any CPU.Deploy.0 = Release|Any CPU
		{C8FCA4E8-5E5B-4B79-95A9-A74383823FEC}.Release|ARM.ActiveCfg = Release|ARM
		{C8FCA4E8-5E5B-4B79-95A9-A74383823FEC}.Release|ARM.Build.0 = Release|ARM
		{C8FCA4E8-5E5B-4B79-95A9-A74383823FEC}.Release|ARM.Deploy.0 = Release|ARM
		{C8FCA4E8-5E5B-4B79-95A9-A74383823FEC}.Release|Win32.ActiveCfg = Release|x86
		{C8FCA4E8-5E5B-4B79-95A9-A74383823FEC}.Release|Win32.Build.0 = Release|x86
		{C8FCA4E8-5E5B-4B79-95A9-A74383823FEC}.Release|Win32.Deploy.0 = Release|x86
		{C8FCA4E8-5E5B-4B79-95A9-A74383823FEC}.Release|x64.ActiveCfg = Release|x64
		{C8FCA4E8-5E5B-4B79-95A9-A74383823FEC}.Release|x64.Build.0 = Release|x64
		{C8FCA4E8-5E5B-4B79-95A9-A74383823FEC}.Release|x64.Deploy.0 = Release|x64
		{C8FCA4E8-5E5B-4B79-95A9-A74383823FEC}.Release|x86.ActiveCfg = Release|x86
		{C8FCA4E8-5E5B-4B79-95A9-A74383823FEC}.Release|x86.Build.0 = Release|x86
		{C8FCA4E8-5E5B-4B79-95A9-A74383823FEC}.Release|x86.Deploy.0 = Release|x86
		{097624F6-3FEE-48DE-8043-CB1EABA5417D}.Debug|Any CPU.ActiveCfg = Debug|Any CPU
		{097624F6-3FEE-48DE-8043-CB1EABA5417D}.Debug|Any CPU.Build.0 = Debug|Any CPU
		{097624F6-3FEE-48DE-8043-CB1EABA5417D}.Debug|ARM.ActiveCfg = Debug|Any CPU
		{097624F6-3FEE-48DE-8043-CB1EABA5417D}.Debug|Win32.ActiveCfg = Debug|Any CPU
		{097624F6-3FEE-48DE-8043-CB1EABA5417D}.Debug|x64.ActiveCfg = Debug|Any CPU
		{097624F6-3FEE-48DE-8043-CB1EABA5417D}.Debug|x86.ActiveCfg = Debug|Any CPU
		{097624F6-3FEE-48DE-8043-CB1EABA5417D}.Release|Any CPU.ActiveCfg = Release|Any CPU
		{097624F6-3FEE-48DE-8043-CB1EABA5417D}.Release|Any CPU.Build.0 = Release|Any CPU
		{097624F6-3FEE-48DE-8043-CB1EABA5417D}.Release|ARM.ActiveCfg = Release|Any CPU
		{097624F6-3FEE-48DE-8043-CB1EABA5417D}.Release|Win32.ActiveCfg = Release|Any CPU
		{097624F6-3FEE-48DE-8043-CB1EABA5417D}.Release|x64.ActiveCfg = Release|Any CPU
		{097624F6-3FEE-48DE-8043-CB1EABA5417D}.Release|x86.ActiveCfg = Release|Any CPU
		{3002E0CA-D005-4D93-BCA4-E23E83DDD847}.Debug|Any CPU.ActiveCfg = Debug|Any CPU
		{3002E0CA-D005-4D93-BCA4-E23E83DDD847}.Debug|Any CPU.Build.0 = Debug|Any CPU
		{3002E0CA-D005-4D93-BCA4-E23E83DDD847}.Debug|Any CPU.Deploy.0 = Debug|Any CPU
		{3002E0CA-D005-4D93-BCA4-E23E83DDD847}.Debug|ARM.ActiveCfg = Debug|ARM
		{3002E0CA-D005-4D93-BCA4-E23E83DDD847}.Debug|ARM.Build.0 = Debug|ARM
		{3002E0CA-D005-4D93-BCA4-E23E83DDD847}.Debug|ARM.Deploy.0 = Debug|ARM
		{3002E0CA-D005-4D93-BCA4-E23E83DDD847}.Debug|Win32.ActiveCfg = Debug|x86
		{3002E0CA-D005-4D93-BCA4-E23E83DDD847}.Debug|Win32.Build.0 = Debug|x86
		{3002E0CA-D005-4D93-BCA4-E23E83DDD847}.Debug|Win32.Deploy.0 = Debug|x86
		{3002E0CA-D005-4D93-BCA4-E23E83DDD847}.Debug|x64.ActiveCfg = Debug|Any CPU
		{3002E0CA-D005-4D93-BCA4-E23E83DDD847}.Debug|x86.ActiveCfg = Debug|x86
		{3002E0CA-D005-4D93-BCA4-E23E83DDD847}.Debug|x86.Build.0 = Debug|x86
		{3002E0CA-D005-4D93-BCA4-E23E83DDD847}.Debug|x86.Deploy.0 = Debug|x86
		{3002E0CA-D005-4D93-BCA4-E23E83DDD847}.Release|Any CPU.ActiveCfg = Release|Any CPU
		{3002E0CA-D005-4D93-BCA4-E23E83DDD847}.Release|Any CPU.Build.0 = Release|Any CPU
		{3002E0CA-D005-4D93-BCA4-E23E83DDD847}.Release|Any CPU.Deploy.0 = Release|Any CPU
		{3002E0CA-D005-4D93-BCA4-E23E83DDD847}.Release|ARM.ActiveCfg = Release|ARM
		{3002E0CA-D005-4D93-BCA4-E23E83DDD847}.Release|ARM.Build.0 = Release|ARM
		{3002E0CA-D005-4D93-BCA4-E23E83DDD847}.Release|ARM.Deploy.0 = Release|ARM
		{3002E0CA-D005-4D93-BCA4-E23E83DDD847}.Release|Win32.ActiveCfg = Release|x86
		{3002E0CA-D005-4D93-BCA4-E23E83DDD847}.Release|Win32.Build.0 = Release|x86
		{3002E0CA-D005-4D93-BCA4-E23E83DDD847}.Release|Win32.Deploy.0 = Release|x86
		{3002E0CA-D005-4D93-BCA4-E23E83DDD847}.Release|x64.ActiveCfg = Release|Any CPU
		{3002E0CA-D005-4D93-BCA4-E23E83DDD847}.Release|x86.ActiveCfg = Release|x86
		{3002E0CA-D005-4D93-BCA4-E23E83DDD847}.Release|x86.Build.0 = Release|x86
		{3002E0CA-D005-4D93-BCA4-E23E83DDD847}.Release|x86.Deploy.0 = Release|x86
		{6E87464B-B064-40CA-8161-7C18C337ADFF}.Debug|Any CPU.ActiveCfg = Debug|Any CPU
		{6E87464B-B064-40CA-8161-7C18C337ADFF}.Debug|Any CPU.Build.0 = Debug|Any CPU
		{6E87464B-B064-40CA-8161-7C18C337ADFF}.Debug|ARM.ActiveCfg = Debug|ARM
		{6E87464B-B064-40CA-8161-7C18C337ADFF}.Debug|ARM.Build.0 = Debug|ARM
		{6E87464B-B064-40CA-8161-7C18C337ADFF}.Debug|Win32.ActiveCfg = Debug|Win32
		{6E87464B-B064-40CA-8161-7C18C337ADFF}.Debug|Win32.Build.0 = Debug|Win32
		{6E87464B-B064-40CA-8161-7C18C337ADFF}.Debug|x64.ActiveCfg = Debug|x64
		{6E87464B-B064-40CA-8161-7C18C337ADFF}.Debug|x64.Build.0 = Debug|x64
		{6E87464B-B064-40CA-8161-7C18C337ADFF}.Debug|x86.ActiveCfg = Debug|x86
		{6E87464B-B064-40CA-8161-7C18C337ADFF}.Debug|x86.Build.0 = Debug|x86
		{6E87464B-B064-40CA-8161-7C18C337ADFF}.Release|Any CPU.ActiveCfg = Release|Any CPU
		{6E87464B-B064-40CA-8161-7C18C337ADFF}.Release|Any CPU.Build.0 = Release|Any CPU
		{6E87464B-B064-40CA-8161-7C18C337ADFF}.Release|ARM.ActiveCfg = Release|ARM
		{6E87464B-B064-40CA-8161-7C18C337ADFF}.Release|ARM.Build.0 = Release|ARM
		{6E87464B-B064-40CA-8161-7C18C337ADFF}.Release|Win32.ActiveCfg = Release|Win32
		{6E87464B-B064-40CA-8161-7C18C337ADFF}.Release|Win32.Build.0 = Release|Win32
		{6E87464B-B064-40CA-8161-7C18C337ADFF}.Release|x64.ActiveCfg = Release|x64
		{6E87464B-B064-40CA-8161-7C18C337ADFF}.Release|x64.Build.0 = Release|x64
		{6E87464B-B064-40CA-8161-7C18C337ADFF}.Release|x86.ActiveCfg = Release|x86
		{6E87464B-B064-40CA-8161-7C18C337ADFF}.Release|x86.Build.0 = Release|x86
		{21E20B01-6F3A-4AEB-98D0-52F7A668F560}.Debug|Any CPU.ActiveCfg = Debug|Any CPU
		{21E20B01-6F3A-4AEB-98D0-52F7A668F560}.Debug|Any CPU.Build.0 = Debug|Any CPU
		{21E20B01-6F3A-4AEB-98D0-52F7A668F560}.Debug|ARM.ActiveCfg = Debug|Any CPU
		{21E20B01-6F3A-4AEB-98D0-52F7A668F560}.Debug|Win32.ActiveCfg = Debug|Any CPU
		{21E20B01-6F3A-4AEB-98D0-52F7A668F560}.Debug|x64.ActiveCfg = Debug|Any CPU
		{21E20B01-6F3A-4AEB-98D0-52F7A668F560}.Debug|x86.ActiveCfg = Debug|Any CPU
		{21E20B01-6F3A-4AEB-98D0-52F7A668F560}.Release|Any CPU.ActiveCfg = Release|Any CPU
		{21E20B01-6F3A-4AEB-98D0-52F7A668F560}.Release|Any CPU.Build.0 = Release|Any CPU
		{21E20B01-6F3A-4AEB-98D0-52F7A668F560}.Release|ARM.ActiveCfg = Release|Any CPU
		{21E20B01-6F3A-4AEB-98D0-52F7A668F560}.Release|Win32.ActiveCfg = Release|Any CPU
		{21E20B01-6F3A-4AEB-98D0-52F7A668F560}.Release|x64.ActiveCfg = Release|Any CPU
		{21E20B01-6F3A-4AEB-98D0-52F7A668F560}.Release|x86.ActiveCfg = Release|Any CPU
		{C38C835D-F0F8-443B-B42B-7556FA1D4190}.Debug|Any CPU.ActiveCfg = Debug|Any CPU
		{C38C835D-F0F8-443B-B42B-7556FA1D4190}.Debug|Any CPU.Build.0 = Debug|Any CPU
		{C38C835D-F0F8-443B-B42B-7556FA1D4190}.Debug|ARM.ActiveCfg = Debug|Any CPU
		{C38C835D-F0F8-443B-B42B-7556FA1D4190}.Debug|Win32.ActiveCfg = Debug|Any CPU
		{C38C835D-F0F8-443B-B42B-7556FA1D4190}.Debug|x64.ActiveCfg = Debug|Any CPU
		{C38C835D-F0F8-443B-B42B-7556FA1D4190}.Debug|x86.ActiveCfg = Debug|Any CPU
		{C38C835D-F0F8-443B-B42B-7556FA1D4190}.Release|Any CPU.ActiveCfg = Release|Any CPU
		{C38C835D-F0F8-443B-B42B-7556FA1D4190}.Release|Any CPU.Build.0 = Release|Any CPU
		{C38C835D-F0F8-443B-B42B-7556FA1D4190}.Release|ARM.ActiveCfg = Release|Any CPU
		{C38C835D-F0F8-443B-B42B-7556FA1D4190}.Release|Win32.ActiveCfg = Release|Any CPU
		{C38C835D-F0F8-443B-B42B-7556FA1D4190}.Release|x64.ActiveCfg = Release|Any CPU
		{C38C835D-F0F8-443B-B42B-7556FA1D4190}.Release|x86.ActiveCfg = Release|Any CPU
		{44A969E3-CFE3-4F14-B6D1-FC160410A7C7}.Debug|Any CPU.ActiveCfg = Debug|Any CPU
		{44A969E3-CFE3-4F14-B6D1-FC160410A7C7}.Debug|Any CPU.Build.0 = Debug|Any CPU
		{44A969E3-CFE3-4F14-B6D1-FC160410A7C7}.Debug|ARM.ActiveCfg = Debug|ARM
		{44A969E3-CFE3-4F14-B6D1-FC160410A7C7}.Debug|ARM.Build.0 = Debug|ARM
		{44A969E3-CFE3-4F14-B6D1-FC160410A7C7}.Debug|Win32.ActiveCfg = Debug|x86
		{44A969E3-CFE3-4F14-B6D1-FC160410A7C7}.Debug|Win32.Build.0 = Debug|x86
		{44A969E3-CFE3-4F14-B6D1-FC160410A7C7}.Debug|x64.ActiveCfg = Debug|x64
		{44A969E3-CFE3-4F14-B6D1-FC160410A7C7}.Debug|x64.Build.0 = Debug|x64
		{44A969E3-CFE3-4F14-B6D1-FC160410A7C7}.Debug|x86.ActiveCfg = Debug|x86
		{44A969E3-CFE3-4F14-B6D1-FC160410A7C7}.Debug|x86.Build.0 = Debug|x86
		{44A969E3-CFE3-4F14-B6D1-FC160410A7C7}.Release|Any CPU.ActiveCfg = Release|Any CPU
		{44A969E3-CFE3-4F14-B6D1-FC160410A7C7}.Release|Any CPU.Build.0 = Release|Any CPU
		{44A969E3-CFE3-4F14-B6D1-FC160410A7C7}.Release|ARM.ActiveCfg = Release|ARM
		{44A969E3-CFE3-4F14-B6D1-FC160410A7C7}.Release|ARM.Build.0 = Release|ARM
		{44A969E3-CFE3-4F14-B6D1-FC160410A7C7}.Release|Win32.ActiveCfg = Release|x86
		{44A969E3-CFE3-4F14-B6D1-FC160410A7C7}.Release|Win32.Build.0 = Release|x86
		{44A969E3-CFE3-4F14-B6D1-FC160410A7C7}.Release|x64.ActiveCfg = Release|x64
		{44A969E3-CFE3-4F14-B6D1-FC160410A7C7}.Release|x64.Build.0 = Release|x64
		{44A969E3-CFE3-4F14-B6D1-FC160410A7C7}.Release|x86.ActiveCfg = Release|x86
		{44A969E3-CFE3-4F14-B6D1-FC160410A7C7}.Release|x86.Build.0 = Release|x86
		{75659A76-8EDE-4EED-9CFC-52666B137FFA}.Debug|Any CPU.ActiveCfg = Debug|Any CPU
		{75659A76-8EDE-4EED-9CFC-52666B137FFA}.Debug|Any CPU.Build.0 = Debug|Any CPU
		{75659A76-8EDE-4EED-9CFC-52666B137FFA}.Debug|ARM.ActiveCfg = Debug|ARM
		{75659A76-8EDE-4EED-9CFC-52666B137FFA}.Debug|ARM.Build.0 = Debug|ARM
		{75659A76-8EDE-4EED-9CFC-52666B137FFA}.Debug|Win32.ActiveCfg = Debug|x86
		{75659A76-8EDE-4EED-9CFC-52666B137FFA}.Debug|Win32.Build.0 = Debug|x86
		{75659A76-8EDE-4EED-9CFC-52666B137FFA}.Debug|x64.ActiveCfg = Debug|Any CPU
		{75659A76-8EDE-4EED-9CFC-52666B137FFA}.Debug|x86.ActiveCfg = Debug|x86
		{75659A76-8EDE-4EED-9CFC-52666B137FFA}.Debug|x86.Build.0 = Debug|x86
		{75659A76-8EDE-4EED-9CFC-52666B137FFA}.Release|Any CPU.ActiveCfg = Release|Any CPU
		{75659A76-8EDE-4EED-9CFC-52666B137FFA}.Release|Any CPU.Build.0 = Release|Any CPU
		{75659A76-8EDE-4EED-9CFC-52666B137FFA}.Release|ARM.ActiveCfg = Release|ARM
		{75659A76-8EDE-4EED-9CFC-52666B137FFA}.Release|ARM.Build.0 = Release|ARM
		{75659A76-8EDE-4EED-9CFC-52666B137FFA}.Release|Win32.ActiveCfg = Release|x86
		{75659A76-8EDE-4EED-9CFC-52666B137FFA}.Release|Win32.Build.0 = Release|x86
		{75659A76-8EDE-4EED-9CFC-52666B137FFA}.Release|x64.ActiveCfg = Release|Any CPU
		{75659A76-8EDE-4EED-9CFC-52666B137FFA}.Release|x86.ActiveCfg = Release|x86
		{75659A76-8EDE-4EED-9CFC-52666B137FFA}.Release|x86.Build.0 = Release|x86
		{2D6DB10A-0D8D-4583-9862-DA2A510FA65F}.Debug|Any CPU.ActiveCfg = Debug|Any CPU
		{2D6DB10A-0D8D-4583-9862-DA2A510FA65F}.Debug|Any CPU.Build.0 = Debug|Any CPU
		{2D6DB10A-0D8D-4583-9862-DA2A510FA65F}.Debug|ARM.ActiveCfg = Debug|Any CPU
		{2D6DB10A-0D8D-4583-9862-DA2A510FA65F}.Debug|Win32.ActiveCfg = Debug|Any CPU
		{2D6DB10A-0D8D-4583-9862-DA2A510FA65F}.Debug|x64.ActiveCfg = Debug|Any CPU
		{2D6DB10A-0D8D-4583-9862-DA2A510FA65F}.Debug|x86.ActiveCfg = Debug|Any CPU
		{2D6DB10A-0D8D-4583-9862-DA2A510FA65F}.Release|Any CPU.ActiveCfg = Release|Any CPU
		{2D6DB10A-0D8D-4583-9862-DA2A510FA65F}.Release|Any CPU.Build.0 = Release|Any CPU
		{2D6DB10A-0D8D-4583-9862-DA2A510FA65F}.Release|ARM.ActiveCfg = Release|Any CPU
		{2D6DB10A-0D8D-4583-9862-DA2A510FA65F}.Release|Win32.ActiveCfg = Release|Any CPU
		{2D6DB10A-0D8D-4583-9862-DA2A510FA65F}.Release|x64.ActiveCfg = Release|Any CPU
		{2D6DB10A-0D8D-4583-9862-DA2A510FA65F}.Release|x86.ActiveCfg = Release|Any CPU
		{86748BC6-B810-4E52-B4CB-1CCE396FF340}.Debug|Any CPU.ActiveCfg = Debug|Any CPU
		{86748BC6-B810-4E52-B4CB-1CCE396FF340}.Debug|Any CPU.Build.0 = Debug|Any CPU
		{86748BC6-B810-4E52-B4CB-1CCE396FF340}.Debug|ARM.ActiveCfg = Debug|Any CPU
		{86748BC6-B810-4E52-B4CB-1CCE396FF340}.Debug|Win32.ActiveCfg = Debug|Any CPU
		{86748BC6-B810-4E52-B4CB-1CCE396FF340}.Debug|x64.ActiveCfg = Debug|Any CPU
		{86748BC6-B810-4E52-B4CB-1CCE396FF340}.Debug|x86.ActiveCfg = Debug|Any CPU
		{86748BC6-B810-4E52-B4CB-1CCE396FF340}.Release|Any CPU.ActiveCfg = Release|Any CPU
		{86748BC6-B810-4E52-B4CB-1CCE396FF340}.Release|Any CPU.Build.0 = Release|Any CPU
		{86748BC6-B810-4E52-B4CB-1CCE396FF340}.Release|ARM.ActiveCfg = Release|Any CPU
		{86748BC6-B810-4E52-B4CB-1CCE396FF340}.Release|Win32.ActiveCfg = Release|Any CPU
		{86748BC6-B810-4E52-B4CB-1CCE396FF340}.Release|x64.ActiveCfg = Release|Any CPU
		{86748BC6-B810-4E52-B4CB-1CCE396FF340}.Release|x86.ActiveCfg = Release|Any CPU
	EndGlobalSection
	GlobalSection(SolutionProperties) = preSolution
		HideSolutionNode = FALSE
	EndGlobalSection
EndGlobal
